<?xml version="1.0" encoding="utf-8"?>
<Project ToolsVersion="4.0" xmlns="http://schemas.microsoft.com/developer/msbuild/2003">
  <ItemGroup>
    <Filter Include="Precompiled">
      <UniqueIdentifier>{b07bafa4-d21c-4674-8f50-96a0b05e15ec}</UniqueIdentifier>
    </Filter>
    <Filter Include="Core">
      <UniqueIdentifier>{9bc56eb3-3ccd-4246-8e8b-32490140b42a}</UniqueIdentifier>
    </Filter>
    <Filter Include="GameObjects">
      <UniqueIdentifier>{0c4417bd-5d7b-4667-99c6-e57ec010154d}</UniqueIdentifier>
    </Filter>
    <Filter Include="Scenes">
      <UniqueIdentifier>{97bf9106-c49e-47b6-978b-0ae34e3e7017}</UniqueIdentifier>
    </Filter>
    <Filter Include="Weapon">
      <UniqueIdentifier>{597763bd-6463-4439-9bba-ca6a8c02ac69}</UniqueIdentifier>
    </Filter>
    <Filter Include="Util">
      <UniqueIdentifier>{de281f14-4079-42e8-aa23-d7e99478d833}</UniqueIdentifier>
    </Filter>
    <Filter Include="Event">
      <UniqueIdentifier>{ef93c6ea-060c-4e59-b3a1-9119b6ee7ba8}</UniqueIdentifier>
    </Filter>
    <Filter Include="Json">
      <UniqueIdentifier>{74073098-ee23-47fc-bd17-acb94121bdf5}</UniqueIdentifier>
    </Filter>
    <Filter Include="InputHandling">
      <UniqueIdentifier>{f45e1686-f546-4144-b8c7-72bdfa920c33}</UniqueIdentifier>
    </Filter>
    <Filter Include="GameObjects\Player">
      <UniqueIdentifier>{a84eed19-bbc1-48a2-94e1-fce12463dd24}</UniqueIdentifier>
    </Filter>
    <Filter Include="Helpers">
      <UniqueIdentifier>{a4207f23-d58f-4f2b-9a82-2d1772fc702c}</UniqueIdentifier>
    </Filter>
    <Filter Include="Map">
      <UniqueIdentifier>{1b3f3b21-40ae-422e-b301-8ecd27a02c3e}</UniqueIdentifier>
    </Filter>
    <Filter Include="GameObjects\Enemies">
      <UniqueIdentifier>{8c6dac19-9e6a-43f8-bb86-8d5b4040dc65}</UniqueIdentifier>
    </Filter>
    <Filter Include="GameObjects\Enemies\EnemyTypes">
      <UniqueIdentifier>{a89d41f5-394c-409c-8855-818a9bc27966}</UniqueIdentifier>
    </Filter>
    <Filter Include="Map">
      <UniqueIdentifier>{55b56b6c-9cd4-4078-82b0-948ecd6bd6bf}</UniqueIdentifier>
    </Filter>
    <Filter Include="GameObjects\HUD">
      <UniqueIdentifier>{55b56b6c-9cd4-4078-82b0-948ecd6bd6bf}</UniqueIdentifier>
    </Filter>
    <Filter Include="Core\MessageSystem">
      <UniqueIdentifier>{20cadf9b-9b18-4c32-b3b7-09c45d29dbc6}</UniqueIdentifier>
    </Filter>
    <Filter Include="Core\MessageSystem\Messages">
      <UniqueIdentifier>{00e5e44d-e44f-41e0-9486-13b040cefa92}</UniqueIdentifier>
    </Filter>
    <Filter Include="Core\Checkpoints">
      <UniqueIdentifier>{9291c18e-def3-4de6-9af1-14e8f2bf85bc}</UniqueIdentifier>
    </Filter>
    <Filter Include="Core\Managers">
      <UniqueIdentifier>{52ea0387-f1f1-485e-992e-2949de9abeec}</UniqueIdentifier>
    </Filter>
    <Filter Include="Core\Components">
      <UniqueIdentifier>{baa89655-304a-4278-8bfe-77110cf39f6e}</UniqueIdentifier>
    </Filter>
    <Filter Include="GameObjects\Collectables">
      <UniqueIdentifier>{73d5a481-f519-4d68-9b13-3b19ad9e0ae3}</UniqueIdentifier>
    </Filter>
    <Filter Include="GameObjects\Volumes">
      <UniqueIdentifier>{4c6d94c0-078a-41f3-acaa-b0717bbfb37d}</UniqueIdentifier>
    </Filter>
    <Filter Include="Core\Cutscenes">
      <UniqueIdentifier>{d35acc25-a181-4087-9d9b-543de1110fcb}</UniqueIdentifier>
    </Filter>
    <Filter Include="Scenes\Menus">
      <UniqueIdentifier>{1cdad5b7-0816-4362-a268-45f335235d41}</UniqueIdentifier>
    </Filter>
    <Filter Include="GameObjects\Buttons">
      <UniqueIdentifier>{24841a05-138f-4459-bce7-cc5a2ff3f70a}</UniqueIdentifier>
    </Filter>
    <Filter Include="GameObjects\Mouse">
      <UniqueIdentifier>{fcfce76a-d045-4e25-bc19-0fa7a843978a}</UniqueIdentifier>
    </Filter>
    <Filter Include="Core\Wrappers">
      <UniqueIdentifier>{dd873bad-18e7-4735-b554-2549b0e08d0e}</UniqueIdentifier>
    </Filter>
    <Filter Include="Core\Rendering">
      <UniqueIdentifier>{70067eb0-9a00-44ba-bbcb-c3135d598456}</UniqueIdentifier>
    </Filter>
    <Filter Include="Core\Rendering\Commands">
      <UniqueIdentifier>{8da0ed89-ce72-4ca6-9b76-9241a40510c4}</UniqueIdentifier>
    </Filter>
    <Filter Include="Core\Rendering\Data">
      <UniqueIdentifier>{9b197fcd-ba5f-49e1-adfc-c1b3fb80d57c}</UniqueIdentifier>
    </Filter>
    <Filter Include="Core\Rendering\Renderer">
      <UniqueIdentifier>{bc4e381d-6c44-4347-921f-8b9207fec6a5}</UniqueIdentifier>
    </Filter>
    <Filter Include="Core\Minimap">
      <UniqueIdentifier>{deacdf85-35e4-4eab-90a5-b85509ea1a8e}</UniqueIdentifier>
    </Filter>
    <Filter Include="GameObjects\Interactables">
      <UniqueIdentifier>{5475159a-7826-4466-8e6d-09bca31b8320}</UniqueIdentifier>
    </Filter>
  </ItemGroup>
  <ItemGroup>
    <ClInclude Include="stdafx.h">
      <Filter>Precompiled</Filter>
    </ClInclude>
    <ClInclude Include="targetver.h">
      <Filter>Precompiled</Filter>
    </ClInclude>
    <ClInclude Include="resource.h">
      <Filter>Precompiled</Filter>
    </ClInclude>
    <ClInclude Include="RenderManager.h">
      <Filter>Core\Rendering</Filter>
    </ClInclude>
    <ClInclude Include="RenderQueue.h">
      <Filter>Core\Rendering</Filter>
    </ClInclude>
    <ClInclude Include="RenderCommand.h">
      <Filter>Core\Rendering\Commands</Filter>
    </ClInclude>
    <ClInclude Include="SpriteRenderData.h">
      <Filter>Core\Rendering\Data</Filter>
    </ClInclude>
    <ClInclude Include="TextureRect.h">
      <Filter>Core\Rendering</Filter>
    </ClInclude>
    <ClInclude Include="SpriteWrapper.h">
      <Filter>Core\Wrappers</Filter>
    </ClInclude>
    <ClInclude Include="ObjectWrapper.h">
      <Filter>Core\Wrappers</Filter>
    </ClInclude>
    <ClInclude Include="Metrics.h">
      <Filter>Core\Rendering</Filter>
    </ClInclude>
    <ClInclude Include="Game.h">
      <Filter>Core</Filter>
    </ClInclude>
    <ClInclude Include="GameObject.h">
      <Filter>Core</Filter>
    </ClInclude>
    <ClInclude Include="Shotgun.h">
      <Filter>Weapon</Filter>
    </ClInclude>
    <ClInclude Include="Weapon.h">
      <Filter>Weapon</Filter>
    </ClInclude>
    <ClInclude Include="Scene.h">
      <Filter>Scenes</Filter>
    </ClInclude>
    <ClInclude Include="LockedSection.h">
      <Filter>Util</Filter>
    </ClInclude>
    <ClInclude Include="UpdateContext.h">
      <Filter>Core</Filter>
    </ClInclude>
    <ClInclude Include="RenderContext.h">
      <Filter>Core</Filter>
    </ClInclude>
    <ClInclude Include="GameScene.h">
      <Filter>Scenes</Filter>
    </ClInclude>
    <ClInclude Include="EventObserver.h">
      <Filter>Event</Filter>
    </ClInclude>
    <ClInclude Include="EventSubject.h">
      <Filter>Event</Filter>
    </ClInclude>
    <ClInclude Include="JsonManager.h">
      <Filter>Json</Filter>
    </ClInclude>
    <ClInclude Include="InputInterface.h">
      <Filter>InputHandling</Filter>
    </ClInclude>
    <ClInclude Include="WeaponType.h">
      <Filter>Weapon</Filter>
    </ClInclude>
    <ClInclude Include="JsonData.h">
      <Filter>Json</Filter>
    </ClInclude>
    <ClInclude Include="WeaponHolder.h">
      <Filter>Weapon</Filter>
    </ClInclude>
    <ClInclude Include="BehaviourFactoryBase.h">
      <Filter>Util</Filter>
    </ClInclude>
    <ClInclude Include="WeaponFactory.h">
      <Filter>Weapon</Filter>
    </ClInclude>
    <ClInclude Include="Player.h">
      <Filter>GameObjects\Player</Filter>
    </ClInclude>
    <ClInclude Include="PlayerWeaponController.h">
      <Filter>GameObjects\Player</Filter>
    </ClInclude>
    <ClInclude Include="MathHelper.h">
      <Filter>Helpers</Filter>
    </ClInclude>
    <ClInclude Include="ControllerInput.h">
      <Filter>InputHandling</Filter>
    </ClInclude>
    <ClInclude Include="EnemyFactory.h">
      <Filter>GameObjects\Enemies</Filter>
    </ClInclude>
    <ClInclude Include="Enemy.h">
      <Filter>GameObjects\Enemies</Filter>
    </ClInclude>
    <ClInclude Include="Zombie.h">
      <Filter>GameObjects\Enemies\EnemyTypes</Filter>
    </ClInclude>
    <ClInclude Include="HUD.h">
      <Filter>GameObjects\HUD</Filter>
    </ClInclude>
    <ClInclude Include="HealthBar.h">
      <Filter>GameObjects\HUD</Filter>
    </ClInclude>
    <ClInclude Include="AABB.h">
      <Filter>Util</Filter>
    </ClInclude>
    <ClInclude Include="RandomHelper.h">
      <Filter>Helpers</Filter>
    </ClInclude>
    <ClInclude Include="AmmoCounter.h">
      <Filter>GameObjects\HUD</Filter>
    </ClInclude>
    <ClInclude Include="UIHook.h">
      <Filter>GameObjects\HUD</Filter>
    </ClInclude>
    <ClInclude Include="SpriteBatchWrapper.h">
      <Filter>Core\Wrappers</Filter>
    </ClInclude>
    <ClInclude Include="IRenderer.h">
      <Filter>Core\Rendering</Filter>
    </ClInclude>
    <ClInclude Include="TgaRenderer.h">
      <Filter>Core\Rendering\Renderer</Filter>
    </ClInclude>
    <ClInclude Include="ShaderNormalInstanced.h">
      <Filter>Core\Rendering\Renderer</Filter>
    </ClInclude>
    <ClInclude Include="SpriteBatchRenderData.h">
      <Filter>Core\Rendering\Data</Filter>
    </ClInclude>
    <ClInclude Include="TileType.h">
      <Filter>Map</Filter>
    </ClInclude>
    <ClInclude Include="TiledParser.h">
      <Filter>Map</Filter>
    </ClInclude>
    <ClInclude Include="TiledMap.h">
      <Filter>Map</Filter>
    </ClInclude>
    <ClInclude Include="TiledLayer.h">
      <Filter>Map</Filter>
    </ClInclude>
    <ClInclude Include="TiledTile.h">
      <Filter>Map</Filter>
    </ClInclude>
    <ClInclude Include="TiledRenderer.h">
      <Filter>Map</Filter>
    </ClInclude>
    <ClInclude Include="TilesonImport.h">
      <Filter>Map</Filter>
    </ClInclude>
    <ClInclude Include="TiledCollision.h">
      <Filter>Map</Filter>
    </ClInclude>
    <ClInclude Include="TiledEntity.h">
      <Filter>Map</Filter>
    </ClInclude>
    <ClInclude Include="GameLayer.h">
      <Filter>Core</Filter>
    </ClInclude>
    <ClInclude Include="IGameMessageSubscriber.h">
      <Filter>Core\MessageSystem</Filter>
    </ClInclude>
    <ClInclude Include="GameMessage.h">
      <Filter>Core\MessageSystem</Filter>
    </ClInclude>
    <ClInclude Include="GameMessenger.h">
      <Filter>Core\MessageSystem</Filter>
    </ClInclude>
    <ClInclude Include="GenericGameMessageSubscriber.h">
      <Filter>Core\MessageSystem</Filter>
    </ClInclude>
    <ClInclude Include="CheckpointMessage.h">
      <Filter>Core\MessageSystem\Messages</Filter>
    </ClInclude>
    <ClInclude Include="GameMessageAction.h">
      <Filter>Core\MessageSystem</Filter>
    </ClInclude>
    <ClInclude Include="GlobalServiceProvider.h">
      <Filter>Core</Filter>
    </ClInclude>
    <ClInclude Include="CheckpointContext.h">
      <Filter>Core\Checkpoints</Filter>
    </ClInclude>
    <ClInclude Include="CheckpointObjectData.h">
      <Filter>Core\Checkpoints</Filter>
    </ClInclude>
    <ClInclude Include="GameObjectTag.h">
      <Filter>Core</Filter>
    </ClInclude>
    <ClInclude Include="TiledCache.h">
      <Filter>Map</Filter>
    </ClInclude>
    <ClInclude Include="TiledCollisionBox.h">
      <Filter>Map</Filter>
    </ClInclude>
    <ClInclude Include="AudioManager.h">
      <Filter>Core\Managers</Filter>
    </ClInclude>
    <ClInclude Include="CollisionManager.h">
      <Filter>Core\Managers</Filter>
    </ClInclude>
    <ClInclude Include="SceneManagerProxy.h">
      <Filter>Core\Managers</Filter>
    </ClInclude>
    <ClInclude Include="SceneManager.h">
      <Filter>Core\Managers</Filter>
    </ClInclude>
    <ClInclude Include="Camera.h">
      <Filter>Core\Components</Filter>
    </ClInclude>
    <ClInclude Include="Collider.h">
      <Filter>Core\Components</Filter>
    </ClInclude>
    <ClInclude Include="ShakeBehaviour.h">
      <Filter>Core\Components</Filter>
    </ClInclude>
    <ClInclude Include="SpriteSheetAnimation.h">
      <Filter>Core\Components</Filter>
    </ClInclude>
    <ClInclude Include="TriggerVolume.h">
      <Filter>Core\Components</Filter>
    </ClInclude>
    <ClInclude Include="EnemyMessage.h">
      <Filter>Core\MessageSystem\Messages</Filter>
    </ClInclude>
    <ClInclude Include="Collectable.h">
      <Filter>GameObjects\Collectables</Filter>
    </ClInclude>
    <ClInclude Include="Key.h">
      <Filter>GameObjects\Collectables</Filter>
    </ClInclude>
    <ClInclude Include="DamageVolume.h">
      <Filter>GameObjects\Volumes</Filter>
    </ClInclude>
    <ClInclude Include="IJsonInitializable.h">
      <Filter>Core</Filter>
    </ClInclude>
    <ClInclude Include="CutscenePlayer.h">
      <Filter>Core\Cutscenes</Filter>
    </ClInclude>
    <ClInclude Include="HealthPickup.h">
      <Filter>GameObjects\Collectables</Filter>
    </ClInclude>
    <ClInclude Include="Health.h">
      <Filter>Core\Components</Filter>
    </ClInclude>
    <ClInclude Include="LevelSelect.h">
      <Filter>Scenes\Menus</Filter>
    </ClInclude>
    <ClInclude Include="MainMenu.h">
      <Filter>Scenes\Menus</Filter>
    </ClInclude>
    <ClInclude Include="Options.h">
      <Filter>Scenes\Menus</Filter>
    </ClInclude>
    <ClInclude Include="MenuButton.h">
      <Filter>GameObjects\Buttons</Filter>
    </ClInclude>
    <ClInclude Include="MousePointer.h">
      <Filter>GameObjects\Mouse</Filter>
    </ClInclude>
    <ClInclude Include="CoordinateHelper.h">
      <Filter>Helpers</Filter>
    </ClInclude>
    <ClInclude Include="TextWrapper.h">
      <Filter>Core\Wrappers</Filter>
    </ClInclude>
    <ClInclude Include="RenderObjectType.h">
      <Filter>Core</Filter>
    </ClInclude>
    <ClInclude Include="Minimap.h">
      <Filter>Core\Minimap</Filter>
    </ClInclude>
    <ClInclude Include="EnemyManager.h">
      <Filter>Core\Managers</Filter>
    </ClInclude>
    <ClInclude Include="DynamicTexture.h">
      <Filter>Util</Filter>
    </ClInclude>
    <ClInclude Include="TiledEntities.h" />
    <ClInclude Include="EliteZombie.h">
      <Filter>GameObjects\Enemies\EnemyTypes</Filter>
    </ClInclude>
    <ClInclude Include="Interactable.h">
      <Filter>GameObjects\Interactables</Filter>
    </ClInclude>
    <ClInclude Include="InteractableMessage.h">
      <Filter>Core\MessageSystem\Messages</Filter>
    </ClInclude>
    <ClInclude Include="BaseRenderData.h" />
    <ClInclude Include="DialogueBox.h">
      <Filter>Event</Filter>
    </ClInclude>
    <ClInclude Include="BaseRenderData.h" />
    <ClInclude Include="DialogueBox.h">
      <Filter>Event</Filter>
    </ClInclude>
    <ClInclude Include="TextRenderData.h">
      <Filter>Core\Rendering\Data</Filter>
    </ClInclude>
    <ClInclude Include="BaseRenderData.h">
      <Filter>Core\Rendering\Data</Filter>
    </ClInclude>
    <ClInclude Include="TiledEntities.h">
      <Filter>Map</Filter>
    </ClInclude>
    <ClInclude Include="PowerUp.h">
      <Filter>GameObjects\Collectables</Filter>
    </ClInclude>
    <ClInclude Include="PowerUpType.h">
      <Filter>GameObjects\Collectables</Filter>
    </ClInclude>
    <ClInclude Include="CollectibleManager.h">
      <Filter>Core\Managers</Filter>
    </ClInclude>
  </ItemGroup>
  <ItemGroup>
    <ClCompile Include="stdafx.cpp">
      <Filter>Precompiled</Filter>
    </ClCompile>
    <ClCompile Include="RenderManager.cpp">
      <Filter>Core\Rendering</Filter>
    </ClCompile>
    <ClCompile Include="RenderQueue.cpp">
      <Filter>Core\Rendering</Filter>
    </ClCompile>
    <ClCompile Include="RenderCommand.cpp">
      <Filter>Core\Rendering\Commands</Filter>
    </ClCompile>
    <ClCompile Include="SpriteWrapper.cpp">
      <Filter>Core\Wrappers</Filter>
    </ClCompile>
    <ClCompile Include="Metrics.cpp">
      <Filter>Core\Rendering</Filter>
    </ClCompile>
    <ClCompile Include="Game.cpp">
      <Filter>Core</Filter>
    </ClCompile>
    <ClCompile Include="GameObject.cpp">
      <Filter>Core</Filter>
    </ClCompile>
    <ClCompile Include="Shotgun.cpp">
      <Filter>Weapon</Filter>
    </ClCompile>
    <ClCompile Include="Weapon.cpp">
      <Filter>Weapon</Filter>
    </ClCompile>
    <ClCompile Include="Scene.cpp">
      <Filter>Scenes</Filter>
    </ClCompile>
    <ClCompile Include="GameScene.cpp">
      <Filter>Scenes</Filter>
    </ClCompile>
    <ClCompile Include="JsonManager.cpp">
      <Filter>Json</Filter>
    </ClCompile>
    <ClCompile Include="InputInterface.cpp">
      <Filter>InputHandling</Filter>
    </ClCompile>
    <ClCompile Include="WeaponFactory.cpp">
      <Filter>Weapon</Filter>
    </ClCompile>
    <ClCompile Include="Player.cpp">
      <Filter>GameObjects\Player</Filter>
    </ClCompile>
    <ClCompile Include="PlayerWeaponController.cpp">
      <Filter>GameObjects\Player</Filter>
    </ClCompile>
    <ClCompile Include="ControllerInput.cpp">
      <Filter>InputHandling</Filter>
    </ClCompile>
    <ClCompile Include="EnemyFactory.cpp">
      <Filter>GameObjects\Enemies</Filter>
    </ClCompile>
    <ClCompile Include="Enemy.cpp">
      <Filter>GameObjects\Enemies</Filter>
    </ClCompile>
    <ClCompile Include="Zombie.cpp">
      <Filter>GameObjects\Enemies\EnemyTypes</Filter>
    </ClCompile>
    <ClCompile Include="HUD.cpp">
      <Filter>GameObjects\HUD</Filter>
    </ClCompile>
    <ClCompile Include="HealthBar.cpp">
      <Filter>GameObjects\HUD</Filter>
    </ClCompile>
    <ClCompile Include="RandomHelper.cpp">
      <Filter>Helpers</Filter>
    </ClCompile>
    <ClCompile Include="AmmoCounter.cpp">
      <Filter>GameObjects\HUD</Filter>
    </ClCompile>
    <ClCompile Include="UIHook.cpp">
      <Filter>GameObjects\HUD</Filter>
    </ClCompile>
    <ClCompile Include="SpriteBatchWrapper.cpp">
      <Filter>Core\Wrappers</Filter>
    </ClCompile>
    <ClCompile Include="TgaRenderer.cpp">
      <Filter>Core\Rendering\Renderer</Filter>
    </ClCompile>
    <ClCompile Include="ShaderNormalInstanced.cpp">
      <Filter>Core\Rendering\Renderer</Filter>
    </ClCompile>
    <ClCompile Include="TiledParser.cpp">
      <Filter>Map</Filter>
    </ClCompile>
    <ClCompile Include="TiledMap.cpp">
      <Filter>Map</Filter>
    </ClCompile>
    <ClCompile Include="TiledLayer.cpp">
      <Filter>Map</Filter>
    </ClCompile>
    <ClCompile Include="TiledTile.cpp">
      <Filter>Map</Filter>
    </ClCompile>
    <ClCompile Include="TiledRenderer.cpp">
      <Filter>Map</Filter>
    </ClCompile>
    <ClCompile Include="TiledCollision.cpp">
      <Filter>Map</Filter>
    </ClCompile>
    <ClCompile Include="TiledEntity.cpp">
      <Filter>Map</Filter>
    </ClCompile>
    <ClCompile Include="GameMessenger.cpp">
      <Filter>Core\MessageSystem</Filter>
    </ClCompile>
    <ClCompile Include="GlobalServiceProvider.cpp">
      <Filter>Core</Filter>
    </ClCompile>
    <ClCompile Include="AudioManager.cpp">
      <Filter>Core\Managers</Filter>
    </ClCompile>
    <ClCompile Include="CollisionManager.cpp">
      <Filter>Core\Managers</Filter>
    </ClCompile>
    <ClCompile Include="SceneManagerProxy.cpp">
      <Filter>Core\Managers</Filter>
    </ClCompile>
    <ClCompile Include="SceneManager.cpp">
      <Filter>Core\Managers</Filter>
    </ClCompile>
    <ClCompile Include="Camera.cpp">
      <Filter>Core\Components</Filter>
    </ClCompile>
    <ClCompile Include="Collider.cpp">
      <Filter>Core\Components</Filter>
    </ClCompile>
    <ClCompile Include="ShakeBehaviour.cpp">
      <Filter>Core\Components</Filter>
    </ClCompile>
    <ClCompile Include="SpriteSheetAnimation.cpp">
      <Filter>Core\Components</Filter>
    </ClCompile>
    <ClCompile Include="TriggerVolume.cpp">
      <Filter>Core\Components</Filter>
    </ClCompile>
    <ClCompile Include="TiledCache.cpp">
      <Filter>Map</Filter>
    </ClCompile>
    <ClCompile Include="Collectable.cpp">
      <Filter>GameObjects\Collectables</Filter>
    </ClCompile>
    <ClCompile Include="Key.cpp">
      <Filter>GameObjects\Collectables</Filter>
    </ClCompile>
    <ClCompile Include="DamageVolume.cpp">
      <Filter>GameObjects\Volumes</Filter>
    </ClCompile>
    <ClCompile Include="CutscenePlayer.cpp">
      <Filter>Core\Cutscenes</Filter>
    </ClCompile>
    <ClCompile Include="EnemyManager.cpp">
      <Filter>Core\Managers</Filter>
    </ClCompile>
    <ClCompile Include="HealthPickup.cpp">
      <Filter>GameObjects\Collectables</Filter>
    </ClCompile>
    <ClCompile Include="Health.cpp">
      <Filter>Core\Components</Filter>
    </ClCompile>
    <ClCompile Include="LevelSelect.cpp">
      <Filter>Scenes\Menus</Filter>
    </ClCompile>
    <ClCompile Include="MainMenu.cpp">
      <Filter>Scenes\Menus</Filter>
    </ClCompile>
    <ClCompile Include="Options.cpp">
      <Filter>Scenes\Menus</Filter>
    </ClCompile>
    <ClCompile Include="MenuButton.cpp">
      <Filter>GameObjects\Buttons</Filter>
    </ClCompile>
    <ClCompile Include="MousePointer.cpp">
      <Filter>GameObjects\Mouse</Filter>
    </ClCompile>
    <ClCompile Include="CoordinateHelper.cpp">
      <Filter>Helpers</Filter>
    </ClCompile>
    <ClCompile Include="TextWrapper.cpp">
      <Filter>Core\Wrappers</Filter>
    </ClCompile>
    <ClCompile Include="Minimap.cpp">
      <Filter>Core\Minimap</Filter>
    </ClCompile>
    <ClCompile Include="DynamicTexture.cpp">
      <Filter>Util</Filter>
    </ClCompile>
    <ClCompile Include="EliteZombie.cpp">
      <Filter>GameObjects\Enemies\EnemyTypes</Filter>
    </ClCompile>
    <ClCompile Include="Interactable.cpp">
      <Filter>GameObjects\Interactables</Filter>
    </ClCompile>
    <ClCompile Include="DialogueBox.cpp">
      <Filter>Event</Filter>
    </ClCompile>
    <ClCompile Include="TiledEntities.cpp">
      <Filter>Map</Filter>
    </ClCompile>
    <ClCompile Include="PowerUp.cpp">
      <Filter>GameObjects\Collectables</Filter>
    </ClCompile>
    <ClCompile Include="DialogueBox.cpp">
      <Filter>Event</Filter>
    </ClCompile>
    <ClCompile Include="TiledEntities.cpp">
      <Filter>Map</Filter>
    </ClCompile>
    <ClCompile Include="CollectibleManager.cpp">
      <Filter>Core\Managers</Filter>
    </ClCompile>
  </ItemGroup>
</Project>