<?xml version="1.0" encoding="utf-8"?>
<Project ToolsVersion="4.0" xmlns="http://schemas.microsoft.com/developer/msbuild/2003">
  <ItemGroup>
    <Filter Include="Precompiled">
      <UniqueIdentifier>{b07bafa4-d21c-4674-8f50-96a0b05e15ec}</UniqueIdentifier>
    </Filter>
    <Filter Include="Rendering">
      <UniqueIdentifier>{70067eb0-9a00-44ba-bbcb-c3135d598456}</UniqueIdentifier>
    </Filter>
    <Filter Include="Rendering\Commands">
      <UniqueIdentifier>{8da0ed89-ce72-4ca6-9b76-9241a40510c4}</UniqueIdentifier>
    </Filter>
    <Filter Include="Rendering\Data">
      <UniqueIdentifier>{9b197fcd-ba5f-49e1-adfc-c1b3fb80d57c}</UniqueIdentifier>
    </Filter>
    <Filter Include="Core">
      <UniqueIdentifier>{9bc56eb3-3ccd-4246-8e8b-32490140b42a}</UniqueIdentifier>
    </Filter>
    <Filter Include="Wrappers">
      <UniqueIdentifier>{dd873bad-18e7-4735-b554-2549b0e08d0e}</UniqueIdentifier>
    </Filter>
    <Filter Include="GameObjects">
      <UniqueIdentifier>{0c4417bd-5d7b-4667-99c6-e57ec010154d}</UniqueIdentifier>
    </Filter>
    <Filter Include="Scenes">
      <UniqueIdentifier>{97bf9106-c49e-47b6-978b-0ae34e3e7017}</UniqueIdentifier>
    </Filter>
    <Filter Include="Weapon">
      <UniqueIdentifier>{597763bd-6463-4439-9bba-ca6a8c02ac69}</UniqueIdentifier>
    </Filter>
    <Filter Include="Util">
      <UniqueIdentifier>{de281f14-4079-42e8-aa23-d7e99478d833}</UniqueIdentifier>
    </Filter>
    <Filter Include="Event">
      <UniqueIdentifier>{ef93c6ea-060c-4e59-b3a1-9119b6ee7ba8}</UniqueIdentifier>
    </Filter>
    <Filter Include="Json">
      <UniqueIdentifier>{74073098-ee23-47fc-bd17-acb94121bdf5}</UniqueIdentifier>
    </Filter>
    <Filter Include="InputHandling">
      <UniqueIdentifier>{f45e1686-f546-4144-b8c7-72bdfa920c33}</UniqueIdentifier>
    </Filter>
    <Filter Include="GameObjects\Player">
      <UniqueIdentifier>{a84eed19-bbc1-48a2-94e1-fce12463dd24}</UniqueIdentifier>
    </Filter>
    <Filter Include="Helpers">
      <UniqueIdentifier>{a4207f23-d58f-4f2b-9a82-2d1772fc702c}</UniqueIdentifier>
    </Filter>
  </ItemGroup>
  <ItemGroup>
    <ClInclude Include="stdafx.h">
      <Filter>Precompiled</Filter>
    </ClInclude>
    <ClInclude Include="targetver.h">
      <Filter>Precompiled</Filter>
    </ClInclude>
    <ClInclude Include="resource.h">
      <Filter>Precompiled</Filter>
    </ClInclude>
    <ClInclude Include="RenderManager.h">
      <Filter>Rendering</Filter>
    </ClInclude>
    <ClInclude Include="RenderQueue.h">
      <Filter>Rendering</Filter>
    </ClInclude>
    <ClInclude Include="RenderCommand.h">
      <Filter>Rendering\Commands</Filter>
    </ClInclude>
    <ClInclude Include="SpriteRenderData.h">
      <Filter>Rendering\Data</Filter>
    </ClInclude>
    <ClInclude Include="TextureRect.h">
      <Filter>Rendering</Filter>
    </ClInclude>
    <ClInclude Include="SpriteWrapper.h">
      <Filter>Wrappers</Filter>
    </ClInclude>
    <ClInclude Include="RenderObjectType.h">
      <Filter>Rendering</Filter>
    </ClInclude>
    <ClInclude Include="ObjectWrapper.h">
      <Filter>Wrappers</Filter>
    </ClInclude>
    <ClInclude Include="Metrics.h">
      <Filter>Rendering</Filter>
    </ClInclude>
    <ClInclude Include="Game.h">
      <Filter>Core</Filter>
    </ClInclude>
    <ClInclude Include="GameObject.h">
      <Filter>Core</Filter>
    </ClInclude>
    <ClInclude Include="GameLayer.h">
      <Filter>Core</Filter>
    </ClInclude>
    <ClInclude Include="Grapple.h">
      <Filter>Weapon</Filter>
    </ClInclude>
    <ClInclude Include="Shotgun.h">
      <Filter>Weapon</Filter>
    </ClInclude>
    <ClInclude Include="Weapon.h">
      <Filter>Weapon</Filter>
    </ClInclude>
    <ClInclude Include="Scene.h">
      <Filter>Scenes</Filter>
    </ClInclude>
    <ClInclude Include="LockedSection.h">
      <Filter>Util</Filter>
    </ClInclude>
    <ClInclude Include="UpdateContext.h">
      <Filter>Core</Filter>
    </ClInclude>
    <ClInclude Include="RenderContext.h">
      <Filter>Core</Filter>
    </ClInclude>
    <ClInclude Include="GameScene.h">
      <Filter>Scenes</Filter>
    </ClInclude>
    <ClInclude Include="EventObserver.h">
      <Filter>Event</Filter>
    </ClInclude>
    <ClInclude Include="EventSubject.h">
      <Filter>Event</Filter>
    </ClInclude>
    <ClInclude Include="SceneManager.h">
      <Filter>Core</Filter>
    </ClInclude>
    <ClInclude Include="Camera.h" />
    <ClInclude Include="JsonManager.h">
      <Filter>Json</Filter>
    </ClInclude>
    <ClInclude Include="InputInterface.h">
      <Filter>InputHandling</Filter>
    </ClInclude>
    <ClInclude Include="WeaponType.h">
      <Filter>Weapon</Filter>
    </ClInclude>
    <ClInclude Include="JsonData.h">
      <Filter>Json</Filter>
    </ClInclude>
    <ClInclude Include="WeaponHolder.h">
      <Filter>Weapon</Filter>
    </ClInclude>
    <ClInclude Include="BehaviourFactoryBase.h">
      <Filter>Util</Filter>
    </ClInclude>
    <ClInclude Include="WeaponFactory.h">
      <Filter>Weapon</Filter>
    </ClInclude>
    <ClInclude Include="Player.h">
      <Filter>GameObjects\Player</Filter>
    </ClInclude>
    <ClInclude Include="PlayerWeaponController.h">
      <Filter>GameObjects\Player</Filter>
    </ClInclude>
    <ClInclude Include="MathHelper.h">
      <Filter>Helpers</Filter>
    </ClInclude>
    <ClInclude Include="SpriteSheetAnimation.h">
      <Filter>Core</Filter>
    </ClInclude>
  </ItemGroup>
  <ItemGroup>
    <ClCompile Include="stdafx.cpp">
      <Filter>Precompiled</Filter>
    </ClCompile>
    <ClCompile Include="RenderManager.cpp">
      <Filter>Rendering</Filter>
    </ClCompile>
    <ClCompile Include="RenderQueue.cpp">
      <Filter>Rendering</Filter>
    </ClCompile>
    <ClCompile Include="RenderCommand.cpp">
      <Filter>Rendering\Commands</Filter>
    </ClCompile>
    <ClCompile Include="SpriteWrapper.cpp">
      <Filter>Wrappers</Filter>
    </ClCompile>
    <ClCompile Include="Metrics.cpp">
      <Filter>Rendering</Filter>
    </ClCompile>
    <ClCompile Include="Game.cpp">
      <Filter>Core</Filter>
    </ClCompile>
    <ClCompile Include="GameObject.cpp">
      <Filter>Core</Filter>
    </ClCompile>
    <ClCompile Include="Grapple.cpp">
      <Filter>Weapon</Filter>
    </ClCompile>
    <ClCompile Include="Shotgun.cpp">
      <Filter>Weapon</Filter>
    </ClCompile>
    <ClCompile Include="Weapon.cpp">
      <Filter>Weapon</Filter>
    </ClCompile>
    <ClCompile Include="Scene.cpp">
      <Filter>Scenes</Filter>
    </ClCompile>
    <ClCompile Include="GameScene.cpp">
      <Filter>Scenes</Filter>
    </ClCompile>
    <ClCompile Include="SceneManager.cpp">
      <Filter>Core</Filter>
    </ClCompile>
    <ClCompile Include="Camera.cpp" />
    <ClCompile Include="JsonManager.cpp">
      <Filter>Json</Filter>
    </ClCompile>
    <ClCompile Include="InputInterface.cpp">
      <Filter>InputHandling</Filter>
    </ClCompile>
    <ClCompile Include="WeaponFactory.cpp">
      <Filter>Weapon</Filter>
    </ClCompile>
    <ClCompile Include="Player.cpp">
      <Filter>GameObjects\Player</Filter>
    </ClCompile>
    <ClCompile Include="PlayerWeaponController.cpp">
      <Filter>GameObjects\Player</Filter>
    </ClCompile>
    <ClCompile Include="SpriteSheetAnimation.cpp">
      <Filter>Core</Filter>
    </ClCompile>
  </ItemGroup>
</Project>